// !$*UTF8*$!
{
	archiveVersion = 1;
	classes = {
	};
	objectVersion = 56;
	objects = {

/* Begin PBXBuildFile section */
		9DCEA9042A9F5CFB0022F3E0 /* Ui_basicApp.swift in Sources */ = {isa = PBXBuildFile; fileRef = 9DCEA9032A9F5CFB0022F3E0 /* Ui_basicApp.swift */; };
		9DCEA9062A9F5CFB0022F3E0 /* ContentView.swift in Sources */ = {isa = PBXBuildFile; fileRef = 9DCEA9052A9F5CFB0022F3E0 /* ContentView.swift */; };
		9DCEA9082A9F5CFC0022F3E0 /* Assets.xcassets in Resources */ = {isa = PBXBuildFile; fileRef = 9DCEA9072A9F5CFC0022F3E0 /* Assets.xcassets */; };
		9DCEA90B2A9F5CFC0022F3E0 /* Preview Assets.xcassets in Resources */ = {isa = PBXBuildFile; fileRef = 9DCEA90A2A9F5CFC0022F3E0 /* Preview Assets.xcassets */; };
		9DCEA9152A9F5CFC0022F3E0 /* Ui_basicTests.swift in Sources */ = {isa = PBXBuildFile; fileRef = 9DCEA9142A9F5CFC0022F3E0 /* Ui_basicTests.swift */; };
		9DCEA91F2A9F5CFC0022F3E0 /* Ui_basicUITests.swift in Sources */ = {isa = PBXBuildFile; fileRef = 9DCEA91E2A9F5CFC0022F3E0 /* Ui_basicUITests.swift */; };
		9DCEA9212A9F5CFC0022F3E0 /* Ui_basicUITestsLaunchTests.swift in Sources */ = {isa = PBXBuildFile; fileRef = 9DCEA9202A9F5CFC0022F3E0 /* Ui_basicUITestsLaunchTests.swift */; };
		9DCEA92E2A9F5D0F0022F3E0 /* Stack_pr.swift in Sources */ = {isa = PBXBuildFile; fileRef = 9DCEA92D2A9F5D0F0022F3E0 /* Stack_pr.swift */; };
		9DCEA9302A9F62C00022F3E0 /* ScrollView_pr.swift in Sources */ = {isa = PBXBuildFile; fileRef = 9DCEA92F2A9F62C00022F3E0 /* ScrollView_pr.swift */; };
		9DCEA9322A9F641A0022F3E0 /* List_pr.swift in Sources */ = {isa = PBXBuildFile; fileRef = 9DCEA9312A9F641A0022F3E0 /* List_pr.swift */; };
/* End PBXBuildFile section */

/* Begin PBXContainerItemProxy section */
		9DCEA9112A9F5CFC0022F3E0 /* PBXContainerItemProxy */ = {
			isa = PBXContainerItemProxy;
			containerPortal = 9DCEA8F82A9F5CFB0022F3E0 /* Project object */;
			proxyType = 1;
			remoteGlobalIDString = 9DCEA8FF2A9F5CFB0022F3E0;
			remoteInfo = Ui_basic;
		};
		9DCEA91B2A9F5CFC0022F3E0 /* PBXContainerItemProxy */ = {
			isa = PBXContainerItemProxy;
			containerPortal = 9DCEA8F82A9F5CFB0022F3E0 /* Project object */;
			proxyType = 1;
			remoteGlobalIDString = 9DCEA8FF2A9F5CFB0022F3E0;
			remoteInfo = Ui_basic;
		};
/* End PBXContainerItemProxy section */

/* Begin PBXFileReference section */
		9DCEA9002A9F5CFB0022F3E0 /* Ui_basic.app */ = {isa = PBXFileReference; explicitFileType = wrapper.application; includeInIndex = 0; path = Ui_basic.app; sourceTree = BUILT_PRODUCTS_DIR; };
		9DCEA9032A9F5CFB0022F3E0 /* Ui_basicApp.swift */ = {isa = PBXFileReference; lastKnownFileType = sourcecode.swift; path = Ui_basicApp.swift; sourceTree = "<group>"; };
		9DCEA9052A9F5CFB0022F3E0 /* ContentView.swift */ = {isa = PBXFileReference; lastKnownFileType = sourcecode.swift; path = ContentView.swift; sourceTree = "<group>"; };
		9DCEA9072A9F5CFC0022F3E0 /* Assets.xcassets */ = {isa = PBXFileReference; lastKnownFileType = folder.assetcatalog; path = Assets.xcassets; sourceTree = "<group>"; };
		9DCEA90A2A9F5CFC0022F3E0 /* Preview Assets.xcassets */ = {isa = PBXFileReference; lastKnownFileType = folder.assetcatalog; path = "Preview Assets.xcassets"; sourceTree = "<group>"; };
		9DCEA9102A9F5CFC0022F3E0 /* Ui_basicTests.xctest */ = {isa = PBXFileReference; explicitFileType = wrapper.cfbundle; includeInIndex = 0; path = Ui_basicTests.xctest; sourceTree = BUILT_PRODUCTS_DIR; };
		9DCEA9142A9F5CFC0022F3E0 /* Ui_basicTests.swift */ = {isa = PBXFileReference; lastKnownFileType = sourcecode.swift; path = Ui_basicTests.swift; sourceTree = "<group>"; };
		9DCEA91A2A9F5CFC0022F3E0 /* Ui_basicUITests.xctest */ = {isa = PBXFileReference; explicitFileType = wrapper.cfbundle; includeInIndex = 0; path = Ui_basicUITests.xctest; sourceTree = BUILT_PRODUCTS_DIR; };
		9DCEA91E2A9F5CFC0022F3E0 /* Ui_basicUITests.swift */ = {isa = PBXFileReference; lastKnownFileType = sourcecode.swift; path = Ui_basicUITests.swift; sourceTree = "<group>"; };
		9DCEA9202A9F5CFC0022F3E0 /* Ui_basicUITestsLaunchTests.swift */ = {isa = PBXFileReference; lastKnownFileType = sourcecode.swift; path = Ui_basicUITestsLaunchTests.swift; sourceTree = "<group>"; };
		9DCEA92D2A9F5D0F0022F3E0 /* Stack_pr.swift */ = {isa = PBXFileReference; lastKnownFileType = sourcecode.swift; path = Stack_pr.swift; sourceTree = "<group>"; };
		9DCEA92F2A9F62C00022F3E0 /* ScrollView_pr.swift */ = {isa = PBXFileReference; lastKnownFileType = sourcecode.swift; path = ScrollView_pr.swift; sourceTree = "<group>"; };
		9DCEA9312A9F641A0022F3E0 /* List_pr.swift */ = {isa = PBXFileReference; lastKnownFileType = sourcecode.swift; path = List_pr.swift; sourceTree = "<group>"; };
/* End PBXFileReference section */

/* Begin PBXFrameworksBuildPhase section */
		9DCEA8FD2A9F5CFB0022F3E0 /* Frameworks */ = {
			isa = PBXFrameworksBuildPhase;
			buildActionMask = 2147483647;
			files = (
			);
			runOnlyForDeploymentPostprocessing = 0;
		};
		9DCEA90D2A9F5CFC0022F3E0 /* Frameworks */ = {
			isa = PBXFrameworksBuildPhase;
			buildActionMask = 2147483647;
			files = (
			);
			runOnlyForDeploymentPostprocessing = 0;
		};
		9DCEA9172A9F5CFC0022F3E0 /* Frameworks */ = {
			isa = PBXFrameworksBuildPhase;
			buildActionMask = 2147483647;
			files = (
			);
			runOnlyForDeploymentPostprocessing = 0;
		};
/* End PBXFrameworksBuildPhase section */

/* Begin PBXGroup section */
		9DCEA8F72A9F5CFB0022F3E0 = {
			isa = PBXGroup;
			children = (
				9DCEA9022A9F5CFB0022F3E0 /* Ui_basic */,
				9DCEA9132A9F5CFC0022F3E0 /* Ui_basicTests */,
				9DCEA91D2A9F5CFC0022F3E0 /* Ui_basicUITests */,
				9DCEA9012A9F5CFB0022F3E0 /* Products */,
			);
			sourceTree = "<group>";
		};
		9DCEA9012A9F5CFB0022F3E0 /* Products */ = {
			isa = PBXGroup;
			children = (
				9DCEA9002A9F5CFB0022F3E0 /* Ui_basic.app */,
				9DCEA9102A9F5CFC0022F3E0 /* Ui_basicTests.xctest */,
				9DCEA91A2A9F5CFC0022F3E0 /* Ui_basicUITests.xctest */,
			);
			name = Products;
			sourceTree = "<group>";
		};
		9DCEA9022A9F5CFB0022F3E0 /* Ui_basic */ = {
			isa = PBXGroup;
			children = (
				9DCEA9032A9F5CFB0022F3E0 /* Ui_basicApp.swift */,
				9DCEA9052A9F5CFB0022F3E0 /* ContentView.swift */,
				9DCEA9072A9F5CFC0022F3E0 /* Assets.xcassets */,
				9DCEA9092A9F5CFC0022F3E0 /* Preview Content */,
				9DCEA92D2A9F5D0F0022F3E0 /* Stack_pr.swift */,
				9DCEA92F2A9F62C00022F3E0 /* ScrollView_pr.swift */,
				9DCEA9312A9F641A0022F3E0 /* List_pr.swift */,
			);
			path = Ui_basic;
			sourceTree = "<group>";
		};
		9DCEA9092A9F5CFC0022F3E0 /* Preview Content */ = {
			isa = PBXGroup;
			children = (
				9DCEA90A2A9F5CFC0022F3E0 /* Preview Assets.xcassets */,
			);
			path = "Preview Content";
			sourceTree = "<group>";
		};
		9DCEA9132A9F5CFC0022F3E0 /* Ui_basicTests */ = {
			isa = PBXGroup;
			children = (
				9DCEA9142A9F5CFC0022F3E0 /* Ui_basicTests.swift */,
			);
			path = Ui_basicTests;
			sourceTree = "<group>";
		};
		9DCEA91D2A9F5CFC0022F3E0 /* Ui_basicUITests */ = {
			isa = PBXGroup;
			children = (
				9DCEA91E2A9F5CFC0022F3E0 /* Ui_basicUITests.swift */,
				9DCEA9202A9F5CFC0022F3E0 /* Ui_basicUITestsLaunchTests.swift */,
			);
			path = Ui_basicUITests;
			sourceTree = "<group>";
		};
/* End PBXGroup section */

/* Begin PBXNativeTarget section */
		9DCEA8FF2A9F5CFB0022F3E0 /* Ui_basic */ = {
			isa = PBXNativeTarget;
			buildConfigurationList = 9DCEA9242A9F5CFC0022F3E0 /* Build configuration list for PBXNativeTarget "Ui_basic" */;
			buildPhases = (
				9DCEA8FC2A9F5CFB0022F3E0 /* Sources */,
				9DCEA8FD2A9F5CFB0022F3E0 /* Frameworks */,
				9DCEA8FE2A9F5CFB0022F3E0 /* Resources */,
			);
			buildRules = (
			);
			dependencies = (
			);
			name = Ui_basic;
			productName = Ui_basic;
			productReference = 9DCEA9002A9F5CFB0022F3E0 /* Ui_basic.app */;
			productType = "com.apple.product-type.application";
		};
		9DCEA90F2A9F5CFC0022F3E0 /* Ui_basicTests */ = {
			isa = PBXNativeTarget;
			buildConfigurationList = 9DCEA9272A9F5CFC0022F3E0 /* Build configuration list for PBXNativeTarget "Ui_basicTests" */;
			buildPhases = (
				9DCEA90C2A9F5CFC0022F3E0 /* Sources */,
				9DCEA90D2A9F5CFC0022F3E0 /* Frameworks */,
				9DCEA90E2A9F5CFC0022F3E0 /* Resources */,
			);
			buildRules = (
			);
			dependencies = (
				9DCEA9122A9F5CFC0022F3E0 /* PBXTargetDependency */,
			);
			name = Ui_basicTests;
			productName = Ui_basicTests;
			productReference = 9DCEA9102A9F5CFC0022F3E0 /* Ui_basicTests.xctest */;
			productType = "com.apple.product-type.bundle.unit-test";
		};
		9DCEA9192A9F5CFC0022F3E0 /* Ui_basicUITests */ = {
			isa = PBXNativeTarget;
			buildConfigurationList = 9DCEA92A2A9F5CFC0022F3E0 /* Build configuration list for PBXNativeTarget "Ui_basicUITests" */;
			buildPhases = (
				9DCEA9162A9F5CFC0022F3E0 /* Sources */,
				9DCEA9172A9F5CFC0022F3E0 /* Frameworks */,
				9DCEA9182A9F5CFC0022F3E0 /* Resources */,
			);
			buildRules = (
			);
			dependencies = (
				9DCEA91C2A9F5CFC0022F3E0 /* PBXTargetDependency */,
			);
			name = Ui_basicUITests;
			productName = Ui_basicUITests;
			productReference = 9DCEA91A2A9F5CFC0022F3E0 /* Ui_basicUITests.xctest */;
			productType = "com.apple.product-type.bundle.ui-testing";
		};
/* End PBXNativeTarget section */

/* Begin PBXProject section */
		9DCEA8F82A9F5CFB0022F3E0 /* Project object */ = {
			isa = PBXProject;
			attributes = {
				BuildIndependentTargetsInParallel = 1;
				LastSwiftUpdateCheck = 1430;
				LastUpgradeCheck = 1430;
				TargetAttributes = {
					9DCEA8FF2A9F5CFB0022F3E0 = {
						CreatedOnToolsVersion = 14.3.1;
					};
					9DCEA90F2A9F5CFC0022F3E0 = {
						CreatedOnToolsVersion = 14.3.1;
						TestTargetID = 9DCEA8FF2A9F5CFB0022F3E0;
					};
					9DCEA9192A9F5CFC0022F3E0 = {
						CreatedOnToolsVersion = 14.3.1;
						TestTargetID = 9DCEA8FF2A9F5CFB0022F3E0;
					};
				};
			};
			buildConfigurationList = 9DCEA8FB2A9F5CFB0022F3E0 /* Build configuration list for PBXProject "Ui_basic" */;
			compatibilityVersion = "Xcode 14.0";
			developmentRegion = en;
			hasScannedForEncodings = 0;
			knownRegions = (
				en,
				Base,
			);
			mainGroup = 9DCEA8F72A9F5CFB0022F3E0;
			productRefGroup = 9DCEA9012A9F5CFB0022F3E0 /* Products */;
			projectDirPath = "";
			projectRoot = "";
			targets = (
				9DCEA8FF2A9F5CFB0022F3E0 /* Ui_basic */,
				9DCEA90F2A9F5CFC0022F3E0 /* Ui_basicTests */,
				9DCEA9192A9F5CFC0022F3E0 /* Ui_basicUITests */,
			);
		};
/* End PBXProject section */

/* Begin PBXResourcesBuildPhase section */
		9DCEA8FE2A9F5CFB0022F3E0 /* Resources */ = {
			isa = PBXResourcesBuildPhase;
			buildActionMask = 2147483647;
			files = (
				9DCEA90B2A9F5CFC0022F3E0 /* Preview Assets.xcassets in Resources */,
				9DCEA9082A9F5CFC0022F3E0 /* Assets.xcassets in Resources */,
			);
			runOnlyForDeploymentPostprocessing = 0;
		};
		9DCEA90E2A9F5CFC0022F3E0 /* Resources */ = {
			isa = PBXResourcesBuildPhase;
			buildActionMask = 2147483647;
			files = (
			);
			runOnlyForDeploymentPostprocessing = 0;
		};
		9DCEA9182A9F5CFC0022F3E0 /* Resources */ = {
			isa = PBXResourcesBuildPhase;
			buildActionMask = 2147483647;
			files = (
			);
			runOnlyForDeploymentPostprocessing = 0;
		};
/* End PBXResourcesBuildPhase section */

/* Begin PBXSourcesBuildPhase section */
		9DCEA8FC2A9F5CFB0022F3E0 /* Sources */ = {
			isa = PBXSourcesBuildPhase;
			buildActionMask = 2147483647;
			files = (
				9DCEA9062A9F5CFB0022F3E0 /* ContentView.swift in Sources */,
				9DCEA9302A9F62C00022F3E0 /* ScrollView_pr.swift in Sources */,
				9DCEA9042A9F5CFB0022F3E0 /* Ui_basicApp.swift in Sources */,
				9DCEA92E2A9F5D0F0022F3E0 /* Stack_pr.swift in Sources */,
				9DCEA9322A9F641A0022F3E0 /* List_pr.swift in Sources */,
			);
			runOnlyForDeploymentPostprocessing = 0;
		};
		9DCEA90C2A9F5CFC0022F3E0 /* Sources */ = {
			isa = PBXSourcesBuildPhase;
			buildActionMask = 2147483647;
			files = (
				9DCEA9152A9F5CFC0022F3E0 /* Ui_basicTests.swift in Sources */,
			);
			runOnlyForDeploymentPostprocessing = 0;
		};
		9DCEA9162A9F5CFC0022F3E0 /* Sources */ = {
			isa = PBXSourcesBuildPhase;
			buildActionMask = 2147483647;
			files = (
				9DCEA9212A9F5CFC0022F3E0 /* Ui_basicUITestsLaunchTests.swift in Sources */,
				9DCEA91F2A9F5CFC0022F3E0 /* Ui_basicUITests.swift in Sources */,
			);
			runOnlyForDeploymentPostprocessing = 0;
		};
/* End PBXSourcesBuildPhase section */

/* Begin PBXTargetDependency section */
		9DCEA9122A9F5CFC0022F3E0 /* PBXTargetDependency */ = {
			isa = PBXTargetDependency;
			target = 9DCEA8FF2A9F5CFB0022F3E0 /* Ui_basic */;
			targetProxy = 9DCEA9112A9F5CFC0022F3E0 /* PBXContainerItemProxy */;
		};
		9DCEA91C2A9F5CFC0022F3E0 /* PBXTargetDependency */ = {
			isa = PBXTargetDependency;
			target = 9DCEA8FF2A9F5CFB0022F3E0 /* Ui_basic */;
			targetProxy = 9DCEA91B2A9F5CFC0022F3E0 /* PBXContainerItemProxy */;
		};
/* End PBXTargetDependency section */

/* Begin XCBuildConfiguration section */
		9DCEA9222A9F5CFC0022F3E0 /* Debug */ = {
			isa = XCBuildConfiguration;
			buildSettings = {
				ALWAYS_SEARCH_USER_PATHS = NO;
				CLANG_ANALYZER_NONNULL = YES;
				CLANG_ANALYZER_NUMBER_OBJECT_CONVERSION = YES_AGGRESSIVE;
				CLANG_CXX_LANGUAGE_STANDARD = "gnu++20";
				CLANG_ENABLE_MODULES = YES;
				CLANG_ENABLE_OBJC_ARC = YES;
				CLANG_ENABLE_OBJC_WEAK = YES;
				CLANG_WARN_BLOCK_CAPTURE_AUTORELEASING = YES;
				CLANG_WARN_BOOL_CONVERSION = YES;
				CLANG_WARN_COMMA = YES;
				CLANG_WARN_CONSTANT_CONVERSION = YES;
				CLANG_WARN_DEPRECATED_OBJC_IMPLEMENTATIONS = YES;
				CLANG_WARN_DIRECT_OBJC_ISA_USAGE = YES_ERROR;
				CLANG_WARN_DOCUMENTATION_COMMENTS = YES;
				CLANG_WARN_EMPTY_BODY = YES;
				CLANG_WARN_ENUM_CONVERSION = YES;
				CLANG_WARN_INFINITE_RECURSION = YES;
				CLANG_WARN_INT_CONVERSION = YES;
				CLANG_WARN_NON_LITERAL_NULL_CONVERSION = YES;
				CLANG_WARN_OBJC_IMPLICIT_RETAIN_SELF = YES;
				CLANG_WARN_OBJC_LITERAL_CONVERSION = YES;
				CLANG_WARN_OBJC_ROOT_CLASS = YES_ERROR;
				CLANG_WARN_QUOTED_INCLUDE_IN_FRAMEWORK_HEADER = YES;
				CLANG_WARN_RANGE_LOOP_ANALYSIS = YES;
				CLANG_WARN_STRICT_PROTOTYPES = YES;
				CLANG_WARN_SUSPICIOUS_MOVE = YES;
				CLANG_WARN_UNGUARDED_AVAILABILITY = YES_AGGRESSIVE;
				CLANG_WARN_UNREACHABLE_CODE = YES;
				CLANG_WARN__DUPLICATE_METHOD_MATCH = YES;
				COPY_PHASE_STRIP = NO;
				DEBUG_INFORMATION_FORMAT = dwarf;
				ENABLE_STRICT_OBJC_MSGSEND = YES;
				ENABLE_TESTABILITY = YES;
				GCC_C_LANGUAGE_STANDARD = gnu11;
				GCC_DYNAMIC_NO_PIC = NO;
				GCC_NO_COMMON_BLOCKS = YES;
				GCC_OPTIMIZATION_LEVEL = 0;
				GCC_PREPROCESSOR_DEFINITIONS = (
					"DEBUG=1",
					"$(inherited)",
				);
				GCC_WARN_64_TO_32_BIT_CONVERSION = YES;
				GCC_WARN_ABOUT_RETURN_TYPE = YES_ERROR;
				GCC_WARN_UNDECLARED_SELECTOR = YES;
				GCC_WARN_UNINITIALIZED_AUTOS = YES_AGGRESSIVE;
				GCC_WARN_UNUSED_FUNCTION = YES;
				GCC_WARN_UNUSED_VARIABLE = YES;
				IPHONEOS_DEPLOYMENT_TARGET = 16.4;
				MTL_ENABLE_DEBUG_INFO = INCLUDE_SOURCE;
				MTL_FAST_MATH = YES;
				ONLY_ACTIVE_ARCH = YES;
				SDKROOT = iphoneos;
				SWIFT_ACTIVE_COMPILATION_CONDITIONS = DEBUG;
				SWIFT_OPTIMIZATION_LEVEL = "-Onone";
			};
			name = Debug;
		};
		9DCEA9232A9F5CFC0022F3E0 /* Release */ = {
			isa = XCBuildConfiguration;
			buildSettings = {
				ALWAYS_SEARCH_USER_PATHS = NO;
				CLANG_ANALYZER_NONNULL = YES;
				CLANG_ANALYZER_NUMBER_OBJECT_CONVERSION = YES_AGGRESSIVE;
				CLANG_CXX_LANGUAGE_STANDARD = "gnu++20";
				CLANG_ENABLE_MODULES = YES;
				CLANG_ENABLE_OBJC_ARC = YES;
				CLANG_ENABLE_OBJC_WEAK = YES;
				CLANG_WARN_BLOCK_CAPTURE_AUTORELEASING = YES;
				CLANG_WARN_BOOL_CONVERSION = YES;
				CLANG_WARN_COMMA = YES;
				CLANG_WARN_CONSTANT_CONVERSION = YES;
				CLANG_WARN_DEPRECATED_OBJC_IMPLEMENTATIONS = YES;
				CLANG_WARN_DIRECT_OBJC_ISA_USAGE = YES_ERROR;
				CLANG_WARN_DOCUMENTATION_COMMENTS = YES;
				CLANG_WARN_EMPTY_BODY = YES;
				CLANG_WARN_ENUM_CONVERSION = YES;
				CLANG_WARN_INFINITE_RECURSION = YES;
				CLANG_WARN_INT_CONVERSION = YES;
				CLANG_WARN_NON_LITERAL_NULL_CONVERSION = YES;
				CLANG_WARN_OBJC_IMPLICIT_RETAIN_SELF = YES;
				CLANG_WARN_OBJC_LITERAL_CONVERSION = YES;
				CLANG_WARN_OBJC_ROOT_CLASS = YES_ERROR;
				CLANG_WARN_QUOTED_INCLUDE_IN_FRAMEWORK_HEADER = YES;
				CLANG_WARN_RANGE_LOOP_ANALYSIS = YES;
				CLANG_WARN_STRICT_PROTOTYPES = YES;
				CLANG_WARN_SUSPICIOUS_MOVE = YES;
				CLANG_WARN_UNGUARDED_AVAILABILITY = YES_AGGRESSIVE;
				CLANG_WARN_UNREACHABLE_CODE = YES;
				CLANG_WARN__DUPLICATE_METHOD_MATCH = YES;
				COPY_PHASE_STRIP = NO;
				DEBUG_INFORMATION_FORMAT = "dwarf-with-dsym";
				ENABLE_NS_ASSERTIONS = NO;
				ENABLE_STRICT_OBJC_MSGSEND = YES;
				GCC_C_LANGUAGE_STANDARD = gnu11;
				GCC_NO_COMMON_BLOCKS = YES;
				GCC_WARN_64_TO_32_BIT_CONVERSION = YES;
				GCC_WARN_ABOUT_RETURN_TYPE = YES_ERROR;
				GCC_WARN_UNDECLARED_SELECTOR = YES;
				GCC_WARN_UNINITIALIZED_AUTOS = YES_AGGRESSIVE;
				GCC_WARN_UNUSED_FUNCTION = YES;
				GCC_WARN_UNUSED_VARIABLE = YES;
				IPHONEOS_DEPLOYMENT_TARGET = 16.4;
				MTL_ENABLE_DEBUG_INFO = NO;
				MTL_FAST_MATH = YES;
				SDKROOT = iphoneos;
				SWIFT_COMPILATION_MODE = wholemodule;
				SWIFT_OPTIMIZATION_LEVEL = "-O";
				VALIDATE_PRODUCT = YES;
			};
			name = Release;
		};
		9DCEA9252A9F5CFC0022F3E0 /* Debug */ = {
			isa = XCBuildConfiguration;
			buildSettings = {
				ASSETCATALOG_COMPILER_APPICON_NAME = AppIcon;
				ASSETCATALOG_COMPILER_GLOBAL_ACCENT_COLOR_NAME = AccentColor;
				CODE_SIGN_STYLE = Automatic;
				CURRENT_PROJECT_VERSION = 1;
				DEVELOPMENT_ASSET_PATHS = "\"Ui_basic/Preview Content\"";
				DEVELOPMENT_TEAM = 2A68SLNL4M;
				ENABLE_PREVIEWS = YES;
				GENERATE_INFOPLIST_FILE = YES;
				INFOPLIST_KEY_UIApplicationSceneManifest_Generation = YES;
				INFOPLIST_KEY_UIApplicationSupportsIndirectInputEvents = YES;
				INFOPLIST_KEY_UILaunchScreen_Generation = YES;
				INFOPLIST_KEY_UISupportedInterfaceOrientations_iPad = "UIInterfaceOrientationPortrait UIInterfaceOrientationPortraitUpsideDown UIInterfaceOrientationLandscapeLeft UIInterfaceOrientationLandscapeRight";
				INFOPLIST_KEY_UISupportedInterfaceOrientations_iPhone = "UIInterfaceOrientationPortrait UIInterfaceOrientationLandscapeLeft UIInterfaceOrientationLandscapeRight";
				LD_RUNPATH_SEARCH_PATHS = (
					"$(inherited)",
					"@executable_path/Frameworks",
				);
				MARKETING_VERSION = 1.0;
				PRODUCT_BUNDLE_IDENTIFIER = "com.hakunamatata.Ui-basic";
				PRODUCT_NAME = "$(TARGET_NAME)";
				SWIFT_EMIT_LOC_STRINGS = YES;
				SWIFT_VERSION = 5.0;
				TARGETED_DEVICE_FAMILY = "1,2";
			};
			name = Debug;
		};
		9DCEA9262A9F5CFC0022F3E0 /* Release */ = {
			isa = XCBuildConfiguration;
			buildSettings = {
				ASSETCATALOG_COMPILER_APPICON_NAME = AppIcon;
				ASSETCATALOG_COMPILER_GLOBAL_ACCENT_COLOR_NAME = AccentColor;
				CODE_SIGN_STYLE = Automatic;
				CURRENT_PROJECT_VERSION = 1;
				DEVELOPMENT_ASSET_PATHS = "\"Ui_basic/Preview Content\"";
				DEVELOPMENT_TEAM = 2A68SLNL4M;
				ENABLE_PREVIEWS = YES;
				GENERATE_INFOPLIST_FILE = YES;
				INFOPLIST_KEY_UIApplicationSceneManifest_Generation = YES;
				INFOPLIST_KEY_UIApplicationSupportsIndirectInputEvents = YES;
				INFOPLIST_KEY_UILaunchScreen_Generation = YES;
				INFOPLIST_KEY_UISupportedInterfaceOrientations_iPad = "UIInterfaceOrientationPortrait UIInterfaceOrientationPortraitUpsideDown UIInterfaceOrientationLandscapeLeft UIInterfaceOrientationLandscapeRight";
				INFOPLIST_KEY_UISupportedInterfaceOrientations_iPhone = "UIInterfaceOrientationPortrait UIInterfaceOrientationLandscapeLeft UIInterfaceOrientationLandscapeRight";
				LD_RUNPATH_SEARCH_PATHS = (
					"$(inherited)",
					"@executable_path/Frameworks",
				);
				MARKETING_VERSION = 1.0;
				PRODUCT_BUNDLE_IDENTIFIER = "com.hakunamatata.Ui-basic";
				PRODUCT_NAME = "$(TARGET_NAME)";
				SWIFT_EMIT_LOC_STRINGS = YES;
				SWIFT_VERSION = 5.0;
				TARGETED_DEVICE_FAMILY = "1,2";
			};
			name = Release;
		};
		9DCEA9282A9F5CFC0022F3E0 /* Debug */ = {
			isa = XCBuildConfiguration;
			buildSettings = {
				ALWAYS_EMBED_SWIFT_STANDARD_LIBRARIES = YES;
				BUNDLE_LOADER = "$(TEST_HOST)";
				CODE_SIGN_STYLE = Automatic;
				CURRENT_PROJECT_VERSION = 1;
				DEVELOPMENT_TEAM = 2A68SLNL4M;
				GENERATE_INFOPLIST_FILE = YES;
				IPHONEOS_DEPLOYMENT_TARGET = 16.4;
				MARKETING_VERSION = 1.0;
				PRODUCT_BUNDLE_IDENTIFIER = "com.hakunamatata.Ui-basicTests";
				PRODUCT_NAME = "$(TARGET_NAME)";
				SWIFT_EMIT_LOC_STRINGS = NO;
				SWIFT_VERSION = 5.0;
				TARGETED_DEVICE_FAMILY = "1,2";
				TEST_HOST = "$(BUILT_PRODUCTS_DIR)/Ui_basic.app/$(BUNDLE_EXECUTABLE_FOLDER_PATH)/Ui_basic";
			};
			name = Debug;
		};
		9DCEA9292A9F5CFC0022F3E0 /* Release */ = {
			isa = XCBuildConfiguration;
			buildSettings = {
				ALWAYS_EMBED_SWIFT_STANDARD_LIBRARIES = YES;
				BUNDLE_LOADER = "$(TEST_HOST)";
				CODE_SIGN_STYLE = Automatic;
				CURRENT_PROJECT_VERSION = 1;
				DEVELOPMENT_TEAM = 2A68SLNL4M;
				GENERATE_INFOPLIST_FILE = YES;
				IPHONEOS_DEPLOYMENT_TARGET = 16.4;
				MARKETING_VERSION = 1.0;
				PRODUCT_BUNDLE_IDENTIFIER = "com.hakunamatata.Ui-basicTests";
				PRODUCT_NAME = "$(TARGET_NAME)";
				SWIFT_EMIT_LOC_STRINGS = NO;
				SWIFT_VERSION = 5.0;
				TARGETED_DEVICE_FAMILY = "1,2";
				TEST_HOST = "$(BUILT_PRODUCTS_DIR)/Ui_basic.app/$(BUNDLE_EXECUTABLE_FOLDER_PATH)/Ui_basic";
			};
			name = Release;
		};
		9DCEA92B2A9F5CFC0022F3E0 /* Debug */ = {
			isa = XCBuildConfiguration;
			buildSettings = {
				ALWAYS_EMBED_SWIFT_STANDARD_LIBRARIES = YES;
				CODE_SIGN_STYLE = Automatic;
				CURRENT_PROJECT_VERSION = 1;
				DEVELOPMENT_TEAM = 2A68SLNL4M;
				GENERATE_INFOPLIST_FILE = YES;
				MARKETING_VERSION = 1.0;
				PRODUCT_BUNDLE_IDENTIFIER = "com.hakunamatata.Ui-basicUITests";
				PRODUCT_NAME = "$(TARGET_NAME)";
				SWIFT_EMIT_LOC_STRINGS = NO;
				SWIFT_VERSION = 5.0;
				TARGETED_DEVICE_FAMILY = "1,2";
				TEST_TARGET_NAME = Ui_basic;
			};
			name = Debug;
		};
		9DCEA92C2A9F5CFC0022F3E0 /* Release */ = {
			isa = XCBuildConfiguration;
			buildSettings = {
				ALWAYS_EMBED_SWIFT_STANDARD_LIBRARIES = YES;
				CODE_SIGN_STYLE = Automatic;
				CURRENT_PROJECT_VERSION = 1;
				DEVELOPMENT_TEAM = 2A68SLNL4M;
				GENERATE_INFOPLIST_FILE = YES;
				MARKETING_VERSION = 1.0;
				PRODUCT_BUNDLE_IDENTIFIER = "com.hakunamatata.Ui-basicUITests";
				PRODUCT_NAME = "$(TARGET_NAME)";
				SWIFT_EMIT_LOC_STRINGS = NO;
				SWIFT_VERSION = 5.0;
				TARGETED_DEVICE_FAMILY = "1,2";
				TEST_TARGET_NAME = Ui_basic;
			};
			name = Release;
		};
/* End XCBuildConfiguration section */

/* Begin XCConfigurationList section */
		9DCEA8FB2A9F5CFB0022F3E0 /* Build configuration list for PBXProject "Ui_basic" */ = {
			isa = XCConfigurationList;
			buildConfigurations = (
				9DCEA9222A9F5CFC0022F3E0 /* Debug */,
				9DCEA9232A9F5CFC0022F3E0 /* Release */,
			);
			defaultConfigurationIsVisible = 0;
			defaultConfigurationName = Release;
		};
		9DCEA9242A9F5CFC0022F3E0 /* Build configuration list for PBXNativeTarget "Ui_basic" */ = {
			isa = XCConfigurationList;
			buildConfigurations = (
				9DCEA9252A9F5CFC0022F3E0 /* Debug */,
				9DCEA9262A9F5CFC0022F3E0 /* Release */,
			);
			defaultConfigurationIsVisible = 0;
			defaultConfigurationName = Release;
		};
		9DCEA9272A9F5CFC0022F3E0 /* Build configuration list for PBXNativeTarget "Ui_basicTests" */ = {
			isa = XCConfigurationList;
			buildConfigurations = (
				9DCEA9282A9F5CFC0022F3E0 /* Debug */,
				9DCEA9292A9F5CFC0022F3E0 /* Release */,
			);
			defaultConfigurationIsVisible = 0;
			defaultConfigurationName = Release;
		};
		9DCEA92A2A9F5CFC0022F3E0 /* Build configuration list for PBXNativeTarget "Ui_basicUITests" */ = {
			isa = XCConfigurationList;
			buildConfigurations = (
				9DCEA92B2A9F5CFC0022F3E0 /* Debug */,
				9DCEA92C2A9F5CFC0022F3E0 /* Release */,
			);
			defaultConfigurationIsVisible = 0;
			defaultConfigurationName = Release;
		};
/* End XCConfigurationList section */
	};
	rootObject = 9DCEA8F82A9F5CFB0022F3E0 /* Project object */;
}
